
Microsoft Visual Studio Solution File, Format Version 12.00
# Visual Studio Version 17
VisualStudioVersion = 17.11.35222.181
MinimumVisualStudioVersion = 10.0.40219.1
Project("{8BC9CEB8-8B4A-11D0-8D11-00A0C91BC942}") = "FlatternBinaryTree", "FlatternBinaryTree\FlatternBinaryTree.vcxproj", "{E6FC7F90-6B47-4C8D-8693-CB8DDFA2370B}"
EndProject
Global
	GlobalSection(SolutionConfigurationPlatforms) = preSolution
		Debug|x64 = Debug|x64
		Debug|x86 = Debug|x86
		Release|x64 = Release|x64
		Release|x86 = Release|x86
	EndGlobalSection
	GlobalSection(ProjectConfigurationPlatforms) = postSolution
		{E6FC7F90-6B47-4C8D-8693-CB8DDFA2370B}.Debug|x64.ActiveCfg = Debug|x64
		{E6FC7F90-6B47-4C8D-8693-CB8DDFA2370B}.Debug|x64.Build.0 = Debug|x64
		{E6FC7F90-6B47-4C8D-8693-CB8DDFA2370B}.Debug|x86.ActiveCfg = Debug|Win32
		{E6FC7F90-6B47-4C8D-8693-CB8DDFA2370B}.Debug|x86.Build.0 = Debug|Win32
		{E6FC7F90-6B47-4C8D-8693-CB8DDFA2370B}.Release|x64.ActiveCfg = Release|x64
		{E6FC7F90-6B47-4C8D-8693-CB8DDFA2370B}.Release|x64.Build.0 = Release|x64
		{E6FC7F90-6B47-4C8D-8693-CB8DDFA2370B}.Release|x86.ActiveCfg = Release|Win32
		{E6FC7F90-6B47-4C8D-8693-CB8DDFA2370B}.Release|x86.Build.0 = Release|Win32
	EndGlobalSection
	GlobalSection(SolutionProperties) = preSolution
		HideSolutionNode = FALSE
	EndGlobalSection
	GlobalSection(ExtensibilityGlobals) = postSolution
		SolutionGuid = {3CCA8709-AF0D-4753-AA93-D4D58A20AC1A}
	EndGlobalSection
EndGlobal
